// !$*UTF8*$!
{
	archiveVersion = 1;
	classes = {
	};
	objectVersion = 46;
	objects = {

/* Begin PBXBuildFile section */
		2F86178B1CBF61630022F65D /* Assets.xcassets in Resources */ = {isa = PBXBuildFile; fileRef = 2F86178A1CBF61630022F65D /* Assets.xcassets */; };
		2F86178E1CBF61630022F65D /* LaunchScreen.storyboard in Resources */ = {isa = PBXBuildFile; fileRef = 2F86178C1CBF61630022F65D /* LaunchScreen.storyboard */; };
		2F8617AD1CBF68780022F65D /* AppDelegate.m in Sources */ = {isa = PBXBuildFile; fileRef = 2F8617A71CBF68780022F65D /* AppDelegate.m */; };
		2F8617AE1CBF68780022F65D /* main.m in Sources */ = {isa = PBXBuildFile; fileRef = 2F8617A81CBF68780022F65D /* main.m */; };
/* End PBXBuildFile section */

/* Begin PBXFileReference section */
		2F86177B1CBF61630022F65D /* Cartoon.app */ = {isa = PBXFileReference; explicitFileType = wrapper.application; includeInIndex = 0; path = Cartoon.app; sourceTree = BUILT_PRODUCTS_DIR; };
		2F86178A1CBF61630022F65D /* Assets.xcassets */ = {isa = PBXFileReference; lastKnownFileType = folder.assetcatalog; path = Assets.xcassets; sourceTree = "<group>"; };
		2F86178D1CBF61630022F65D /* Base */ = {isa = PBXFileReference; lastKnownFileType = file.storyboard; name = Base; path = Base.lproj/LaunchScreen.storyboard; sourceTree = "<group>"; };
		2F86178F1CBF61630022F65D /* Info.plist */ = {isa = PBXFileReference; lastKnownFileType = text.plist.xml; path = Info.plist; sourceTree = "<group>"; };
		2F8617A61CBF68780022F65D /* AppDelegate.h */ = {isa = PBXFileReference; fileEncoding = 4; lastKnownFileType = sourcecode.c.h; path = AppDelegate.h; sourceTree = "<group>"; };
		2F8617A71CBF68780022F65D /* AppDelegate.m */ = {isa = PBXFileReference; fileEncoding = 4; lastKnownFileType = sourcecode.c.objc; path = AppDelegate.m; sourceTree = "<group>"; };
		2F8617A81CBF68780022F65D /* main.m */ = {isa = PBXFileReference; fileEncoding = 4; lastKnownFileType = sourcecode.c.objc; path = main.m; sourceTree = "<group>"; };
/* End PBXFileReference section */

/* Begin PBXFrameworksBuildPhase section */
		2F8617781CBF61630022F65D /* Frameworks */ = {
			isa = PBXFrameworksBuildPhase;
			buildActionMask = 2147483647;
			files = (
			);
			runOnlyForDeploymentPostprocessing = 0;
		};
/* End PBXFrameworksBuildPhase section */

/* Begin PBXGroup section */
		2F8617721CBF61630022F65D = {
			isa = PBXGroup;
			children = (
				2F86177D1CBF61630022F65D /* Cartoon */,
				2F86177C1CBF61630022F65D /* Products */,
			);
			sourceTree = "<group>";
		};
		2F86177C1CBF61630022F65D /* Products */ = {
			isa = PBXGroup;
			children = (
				2F86177B1CBF61630022F65D /* Cartoon.app */,
			);
			name = Products;
			sourceTree = "<group>";
		};
		2F86177D1CBF61630022F65D /* Cartoon */ = {
			isa = PBXGroup;
			children = (
				2F8617951CBF68780022F65D /* CartoonLib */,
				2F8617991CBF68780022F65D /* Main */,
				2F86179D1CBF68780022F65D /* MyAccount */,
				2F8617A11CBF68780022F65D /* MyCartoon */,
				2F8617A91CBF68780022F65D /* Topic */,
				2F8617A51CBF68780022F65D /* Other */,
				2F86178A1CBF61630022F65D /* Assets.xcassets */,
				2F86178C1CBF61630022F65D /* LaunchScreen.storyboard */,
				2F86178F1CBF61630022F65D /* Info.plist */,
				2F86177E1CBF61630022F65D /* Supporting Files */,
			);
			path = Cartoon;
			sourceTree = "<group>";
		};
		2F86177E1CBF61630022F65D /* Supporting Files */ = {
			isa = PBXGroup;
			children = (
			);
			name = "Supporting Files";
			sourceTree = "<group>";
		};
		2F8617951CBF68780022F65D /* CartoonLib */ = {
			isa = PBXGroup;
			children = (
				2F8617961CBF68780022F65D /* Controller */,
				2F8617971CBF68780022F65D /* Model */,
				2F8617981CBF68780022F65D /* View */,
			);
			path = CartoonLib;
			sourceTree = "<group>";
		};
		2F8617961CBF68780022F65D /* Controller */ = {
			isa = PBXGroup;
			children = (
			);
			path = Controller;
			sourceTree = "<group>";
		};
		2F8617971CBF68780022F65D /* Model */ = {
			isa = PBXGroup;
			children = (
			);
			path = Model;
			sourceTree = "<group>";
		};
		2F8617981CBF68780022F65D /* View */ = {
			isa = PBXGroup;
			children = (
			);
			path = View;
			sourceTree = "<group>";
		};
		2F8617991CBF68780022F65D /* Main */ = {
			isa = PBXGroup;
			children = (
				2F86179A1CBF68780022F65D /* Controller */,
				2F86179B1CBF68780022F65D /* Model */,
				2F86179C1CBF68780022F65D /* View */,
			);
			path = Main;
			sourceTree = "<group>";
		};
		2F86179A1CBF68780022F65D /* Controller */ = {
			isa = PBXGroup;
			children = (
			);
			path = Controller;
			sourceTree = "<group>";
		};
		2F86179B1CBF68780022F65D /* Model */ = {
			isa = PBXGroup;
			children = (
			);
			path = Model;
			sourceTree = "<group>";
		};
		2F86179C1CBF68780022F65D /* View */ = {
			isa = PBXGroup;
			children = (
			);
			path = View;
			sourceTree = "<group>";
		};
		2F86179D1CBF68780022F65D /* MyAccount */ = {
			isa = PBXGroup;
			children = (
				2F86179E1CBF68780022F65D /* Controller */,
				2F86179F1CBF68780022F65D /* Model */,
				2F8617A01CBF68780022F65D /* View */,
			);
			path = MyAccount;
			sourceTree = "<group>";
		};
		2F86179E1CBF68780022F65D /* Controller */ = {
			isa = PBXGroup;
			children = (
			);
			path = Controller;
			sourceTree = "<group>";
		};
		2F86179F1CBF68780022F65D /* Model */ = {
			isa = PBXGroup;
			children = (
			);
			path = Model;
			sourceTree = "<group>";
		};
		2F8617A01CBF68780022F65D /* View */ = {
			isa = PBXGroup;
			children = (
			);
			path = View;
			sourceTree = "<group>";
		};
		2F8617A11CBF68780022F65D /* MyCartoon */ = {
			isa = PBXGroup;
			children = (
				2F8617A21CBF68780022F65D /* Controller */,
				2F8617A31CBF68780022F65D /* Model */,
				2F8617A41CBF68780022F65D /* View */,
			);
			path = MyCartoon;
			sourceTree = "<group>";
		};
		2F8617A21CBF68780022F65D /* Controller */ = {
			isa = PBXGroup;
			children = (
			);
			path = Controller;
			sourceTree = "<group>";
		};
		2F8617A31CBF68780022F65D /* Model */ = {
			isa = PBXGroup;
			children = (
			);
			path = Model;
			sourceTree = "<group>";
		};
		2F8617A41CBF68780022F65D /* View */ = {
			isa = PBXGroup;
			children = (
			);
			path = View;
			sourceTree = "<group>";
		};
		2F8617A51CBF68780022F65D /* Other */ = {
			isa = PBXGroup;
			children = (
				2F8617A61CBF68780022F65D /* AppDelegate.h */,
				2F8617A71CBF68780022F65D /* AppDelegate.m */,
				2F8617A81CBF68780022F65D /* main.m */,
			);
			path = Other;
			sourceTree = "<group>";
		};
		2F8617A91CBF68780022F65D /* Topic */ = {
			isa = PBXGroup;
			children = (
				2F8617AA1CBF68780022F65D /* Controller */,
				2F8617AB1CBF68780022F65D /* Model */,
				2F8617AC1CBF68780022F65D /* View */,
			);
			path = Topic;
			sourceTree = "<group>";
		};
		2F8617AA1CBF68780022F65D /* Controller */ = {
			isa = PBXGroup;
			children = (
			);
			path = Controller;
			sourceTree = "<group>";
		};
		2F8617AB1CBF68780022F65D /* Model */ = {
			isa = PBXGroup;
			children = (
			);
			path = Model;
			sourceTree = "<group>";
		};
		2F8617AC1CBF68780022F65D /* View */ = {
			isa = PBXGroup;
			children = (
			);
			path = View;
			sourceTree = "<group>";
		};
/* End PBXGroup section */

/* Begin PBXNativeTarget section */
		2F86177A1CBF61630022F65D /* Cartoon */ = {
			isa = PBXNativeTarget;
			buildConfigurationList = 2F8617921CBF61630022F65D /* Build configuration list for PBXNativeTarget "Cartoon" */;
			buildPhases = (
				2F8617771CBF61630022F65D /* Sources */,
				2F8617781CBF61630022F65D /* Frameworks */,
				2F8617791CBF61630022F65D /* Resources */,
			);
			buildRules = (
			);
			dependencies = (
			);
			name = Cartoon;
			productName = Cartoon;
			productReference = 2F86177B1CBF61630022F65D /* Cartoon.app */;
			productType = "com.apple.product-type.application";
		};
/* End PBXNativeTarget section */

/* Begin PBXProject section */
		2F8617731CBF61630022F65D /* Project object */ = {
			isa = PBXProject;
			attributes = {
				LastUpgradeCheck = 0730;
				ORGANIZATIONNAME = bin;
				TargetAttributes = {
					2F86177A1CBF61630022F65D = {
						CreatedOnToolsVersion = 7.3;
					};
				};
			};
			buildConfigurationList = 2F8617761CBF61630022F65D /* Build configuration list for PBXProject "Cartoon" */;
			compatibilityVersion = "Xcode 3.2";
			developmentRegion = English;
			hasScannedForEncodings = 0;
			knownRegions = (
				en,
				Base,
			);
			mainGroup = 2F8617721CBF61630022F65D;
			productRefGroup = 2F86177C1CBF61630022F65D /* Products */;
			projectDirPath = "";
			projectRoot = "";
			targets = (
				2F86177A1CBF61630022F65D /* Cartoon */,
			);
		};
/* End PBXProject section */

/* Begin PBXResourcesBuildPhase section */
		2F8617791CBF61630022F65D /* Resources */ = {
			isa = PBXResourcesBuildPhase;
			buildActionMask = 2147483647;
			files = (
				2F86178E1CBF61630022F65D /* LaunchScreen.storyboard in Resources */,
				2F86178B1CBF61630022F65D /* Assets.xcassets in Resources */,
			);
			runOnlyForDeploymentPostprocessing = 0;
		};
/* End PBXResourcesBuildPhase section */

/* Begin PBXSourcesBuildPhase section */
		2F8617771CBF61630022F65D /* Sources */ = {
			isa = PBXSourcesBuildPhase;
			buildActionMask = 2147483647;
			files = (
				2F8617AD1CBF68780022F65D /* AppDelegate.m in Sources */,
				2F8617AE1CBF68780022F65D /* main.m in Sources */,
			);
			runOnlyForDeploymentPostprocessing = 0;
		};
/* End PBXSourcesBuildPhase section */

/* Begin PBXVariantGroup section */
		2F86178C1CBF61630022F65D /* LaunchScreen.storyboard */ = {
			isa = PBXVariantGroup;
			children = (
				2F86178D1CBF61630022F65D /* Base */,
			);
			name = LaunchScreen.storyboard;
			sourceTree = "<group>";
		};
/* End PBXVariantGroup section */

/* Begin XCBuildConfiguration section */
		2F8617901CBF61630022F65D /* Debug */ = {
			isa = XCBuildConfiguration;
			buildSettings = {
				ALWAYS_SEARCH_USER_PATHS = NO;
				CLANG_ANALYZER_NONNULL = YES;
				CLANG_CXX_LANGUAGE_STANDARD = "gnu++0x";
				CLANG_CXX_LIBRARY = "libc++";
				CLANG_ENABLE_MODULES = YES;
				CLANG_ENABLE_OBJC_ARC = YES;
				CLANG_WARN_BOOL_CONVERSION = YES;
				CLANG_WARN_CONSTANT_CONVERSION = YES;
				CLANG_WARN_DIRECT_OBJC_ISA_USAGE = YES_ERROR;
				CLANG_WARN_EMPTY_BODY = YES;
				CLANG_WARN_ENUM_CONVERSION = YES;
				CLANG_WARN_INT_CONVERSION = YES;
				CLANG_WARN_OBJC_ROOT_CLASS = YES_ERROR;
				CLANG_WARN_UNREACHABLE_CODE = YES;
				CLANG_WARN__DUPLICATE_METHOD_MATCH = YES;
				"CODE_SIGN_IDENTITY[sdk=iphoneos*]" = "iPhone Developer";
				COPY_PHASE_STRIP = NO;
				DEBUG_INFORMATION_FORMAT = dwarf;
				ENABLE_STRICT_OBJC_MSGSEND = YES;
				ENABLE_TESTABILITY = YES;
				GCC_C_LANGUAGE_STANDARD = gnu99;
				GCC_DYNAMIC_NO_PIC = NO;
				GCC_NO_COMMON_BLOCKS = YES;
				GCC_OPTIMIZATION_LEVEL = 0;
				GCC_PREPROCESSOR_DEFINITIONS = (
					"DEBUG=1",
					"$(inherited)",
				);
				GCC_WARN_64_TO_32_BIT_CONVERSION = YES;
				GCC_WARN_ABOUT_RETURN_TYPE = YES_ERROR;
				GCC_WARN_UNDECLARED_SELECTOR = YES;
				GCC_WARN_UNINITIALIZED_AUTOS = YES_AGGRESSIVE;
				GCC_WARN_UNUSED_FUNCTION = YES;
				GCC_WARN_UNUSED_VARIABLE = YES;
				IPHONEOS_DEPLOYMENT_TARGET = 9.3;
				MTL_ENABLE_DEBUG_INFO = YES;
				ONLY_ACTIVE_ARCH = YES;
				SDKROOT = iphoneos;
			};
			name = Debug;
		};
		2F8617911CBF61630022F65D /* Release */ = {
			isa = XCBuildConfiguration;
			buildSettings = {
				ALWAYS_SEARCH_USER_PATHS = NO;
				CLANG_ANALYZER_NONNULL = YES;
				CLANG_CXX_LANGUAGE_STANDARD = "gnu++0x";
				CLANG_CXX_LIBRARY = "libc++";
				CLANG_ENABLE_MODULES = YES;
				CLANG_ENABLE_OBJC_ARC = YES;
				CLANG_WARN_BOOL_CONVERSION = YES;
				CLANG_WARN_CONSTANT_CONVERSION = YES;
				CLANG_WARN_DIRECT_OBJC_ISA_USAGE = YES_ERROR;
				CLANG_WARN_EMPTY_BODY = YES;
				CLANG_WARN_ENUM_CONVERSION = YES;
				CLANG_WARN_INT_CONVERSION = YES;
				CLANG_WARN_OBJC_ROOT_CLASS = YES_ERROR;
				CLANG_WARN_UNREACHABLE_CODE = YES;
				CLANG_WARN__DUPLICATE_METHOD_MATCH = YES;
				"CODE_SIGN_IDENTITY[sdk=iphoneos*]" = "iPhone Developer";
				COPY_PHASE_STRIP = NO;
				DEBUG_INFORMATION_FORMAT = "dwarf-with-dsym";
				ENABLE_NS_ASSERTIONS = NO;
				ENABLE_STRICT_OBJC_MSGSEND = YES;
				GCC_C_LANGUAGE_STANDARD = gnu99;
				GCC_NO_COMMON_BLOCKS = YES;
				GCC_WARN_64_TO_32_BIT_CONVERSION = YES;
				GCC_WARN_ABOUT_RETURN_TYPE = YES_ERROR;
				GCC_WARN_UNDECLARED_SELECTOR = YES;
				GCC_WARN_UNINITIALIZED_AUTOS = YES_AGGRESSIVE;
				GCC_WARN_UNUSED_FUNCTION = YES;
				GCC_WARN_UNUSED_VARIABLE = YES;
				IPHONEOS_DEPLOYMENT_TARGET = 9.3;
				MTL_ENABLE_DEBUG_INFO = NO;
				SDKROOT = iphoneos;
				VALIDATE_PRODUCT = YES;
			};
			name = Release;
		};
		2F8617931CBF61630022F65D /* Debug */ = {
			isa = XCBuildConfiguration;
			buildSettings = {
				ASSETCATALOG_COMPILER_APPICON_NAME = AppIcon;
				INFOPLIST_FILE = Cartoon/Info.plist;
				LD_RUNPATH_SEARCH_PATHS = "$(inherited) @executable_path/Frameworks";
				PRODUCT_BUNDLE_IDENTIFIER = com.bin.Cartoon;
				PRODUCT_NAME = "$(TARGET_NAME)";
			};
			name = Debug;
		};
		2F8617941CBF61630022F65D /* Release */ = {
			isa = XCBuildConfiguration;
			buildSettings = {
				ASSETCATALOG_COMPILER_APPICON_NAME = AppIcon;
				INFOPLIST_FILE = Cartoon/Info.plist;
				LD_RUNPATH_SEARCH_PATHS = "$(inherited) @executable_path/Frameworks";
				PRODUCT_BUNDLE_IDENTIFIER = com.bin.Cartoon;
				PRODUCT_NAME = "$(TARGET_NAME)";
			};
			name = Release;
		};
/* End XCBuildConfiguration section */

/* Begin XCConfigurationList section */
		2F8617761CBF61630022F65D /* Build configuration list for PBXProject "Cartoon" */ = {
			isa = XCConfigurationList;
			buildConfigurations = (
				2F8617901CBF61630022F65D /* Debug */,
				2F8617911CBF61630022F65D /* Release */,
			);
			defaultConfigurationIsVisible = 0;
			defaultConfigurationName = Release;
		};
		2F8617921CBF61630022F65D /* Build configuration list for PBXNativeTarget "Cartoon" */ = {
			isa = XCConfigurationList;
			buildConfigurations = (
				2F8617931CBF61630022F65D /* Debug */,
				2F8617941CBF61630022F65D /* Release */,
			);
			defaultConfigurationIsVisible = 0;
			defaultConfigurationName = Release;
		};
/* End XCConfigurationList section */
	};
	rootObject = 2F8617731CBF61630022F65D /* Project object */;
}
